
Microsoft Visual Studio Solution File, Format Version 12.00
# Visual Studio Version 17
VisualStudioVersion = 17.9.34728.123
MinimumVisualStudioVersion = 10.0.40219.1
Project("{FAE04EC0-301F-11D3-BF4B-00C04F79EFBC}") = "Module1Review", "Module1Review\Module1Review.csproj", "{4E0360FC-CC51-48E3-8C6A-6A9C2B3A5C34}"
EndProject
Global
	GlobalSection(SolutionConfigurationPlatforms) = preSolution
		Debug|Any CPU = Debug|Any CPU
		Release|Any CPU = Release|Any CPU
	EndGlobalSection
	GlobalSection(ProjectConfigurationPlatforms) = postSolution
		{4E0360FC-CC51-48E3-8C6A-6A9C2B3A5C34}.Debug|Any CPU.ActiveCfg = Debug|Any CPU
		{4E0360FC-CC51-48E3-8C6A-6A9C2B3A5C34}.Debug|Any CPU.Build.0 = Debug|Any CPU
		{4E0360FC-CC51-48E3-8C6A-6A9C2B3A5C34}.Release|Any CPU.ActiveCfg = Release|Any CPU
		{4E0360FC-CC51-48E3-8C6A-6A9C2B3A5C34}.Release|Any CPU.Build.0 = Release|Any CPU
	EndGlobalSection
	GlobalSection(SolutionProperties) = preSolution
		HideSolutionNode = FALSE
	EndGlobalSection
	GlobalSection(ExtensibilityGlobals) = postSolution
		SolutionGuid = {FB4FAE5C-4A15-4104-9058-CE2AD5681D61}
	EndGlobalSection
EndGlobal
